<?xml version="1.0" encoding="utf-8"?>
<Project ToolsVersion="4.0" xmlns="http://schemas.microsoft.com/developer/msbuild/2003">
  <ItemGroup>
    <Filter Include="Fichiers sources">
      <UniqueIdentifier>{4FC737F1-C7A5-4376-A066-2A32D752A2FF}</UniqueIdentifier>
      <Extensions>cpp;c;cc;cxx;def;odl;idl;hpj;bat;asm;asmx</Extensions>
    </Filter>
    <Filter Include="Fichiers d%27en-tête">
      <UniqueIdentifier>{93995380-89BD-4b04-88EB-625FBE52EBFB}</UniqueIdentifier>
      <Extensions>h;hh;hpp;hxx;hm;inl;inc;xsd</Extensions>
    </Filter>
    <Filter Include="Fichiers de ressources">
      <UniqueIdentifier>{67DA6AB6-F800-4c08-8B7A-83BB121AAD01}</UniqueIdentifier>
      <Extensions>rc;ico;cur;bmp;dlg;rc2;rct;bin;rgs;gif;jpg;jpeg;jpe;resx;tiff;tif;png;wav;mfcribbon-ms</Extensions>
    </Filter>
    <Filter Include="Fichiers Txt">
      <UniqueIdentifier>{098b9ce0-b68f-424f-993e-235ee4ce6948}</UniqueIdentifier>
    </Filter>
    <Filter Include="Fichiers sources\Common">
      <UniqueIdentifier>{cf4516fd-216d-416c-b9b4-06132b8d59dc}</UniqueIdentifier>
    </Filter>
    <Filter Include="Fichiers d%27en-tête\Common">
      <UniqueIdentifier>{3d673195-912e-45d9-a0cb-946ece996c0e}</UniqueIdentifier>
    </Filter>
    <Filter Include="Fichiers sources\ZipFile">
      <UniqueIdentifier>{0a006497-79f9-4d0b-a030-dc3efa0ab334}</UniqueIdentifier>
    </Filter>
    <Filter Include="Fichiers d%27en-tête\ZipFile">
      <UniqueIdentifier>{94f581af-2fe9-4dbd-a3d0-1e6785430a6f}</UniqueIdentifier>
    </Filter>
    <Filter Include="Fichiers d%27en-tête\Common\CURLTools">
      <UniqueIdentifier>{69450b02-4b50-4c32-bf45-a58c115596f7}</UniqueIdentifier>
    </Filter>
    <Filter Include="Fichiers sources\Common\CURLTools">
      <UniqueIdentifier>{6ff4b8e3-5bd9-49e3-8bca-f828aa2578c8}</UniqueIdentifier>
    </Filter>
  </ItemGroup>
  <ItemGroup>
    <ClCompile Include="columnList.cpp">
      <Filter>Fichiers sources</Filter>
    </ClCompile>
    <ClCompile Include="ldap2File.cpp">
      <Filter>Fichiers sources</Filter>
    </ClCompile>
    <ClCompile Include="ldapBrowser.cpp">
      <Filter>Fichiers sources</Filter>
    </ClCompile>
    <ClCompile Include="outputFile.cpp">
      <Filter>Fichiers sources</Filter>
    </ClCompile>
    <ClCompile Include="textFile.cpp">
      <Filter>Fichiers sources</Filter>
    </ClCompile>
    <ClCompile Include="CSVFile.cpp">
      <Filter>Fichiers sources</Filter>
    </ClCompile>
    <ClCompile Include="servicesList.cpp">
      <Filter>Fichiers sources</Filter>
    </ClCompile>
    <ClCompile Include="agentTree.cpp">
      <Filter>Fichiers sources</Filter>
    </ClCompile>
    <ClCompile Include="ODSFile.cpp">
      <Filter>Fichiers sources</Filter>
    </ClCompile>
    <ClCompile Include="XMLFile.cpp">
      <Filter>Fichiers sources</Filter>
    </ClCompile>
    <ClCompile Include="treeStructure.cpp">
      <Filter>Fichiers sources</Filter>
    </ClCompile>
    <ClCompile Include="regExpr.cpp">
      <Filter>Fichiers sources</Filter>
    </ClCompile>
    <ClCompile Include="destinationList.cpp">
      <Filter>Fichiers sources</Filter>
    </ClCompile>
    <ClCompile Include="confFile.cpp">
      <Filter>Fichiers sources</Filter>
    </ClCompile>
    <ClCompile Include="commandFile.cpp">
      <Filter>Fichiers sources</Filter>
    </ClCompile>
    <ClCompile Include="JScriptFile.cpp">
      <Filter>Fichiers sources</Filter>
    </ClCompile>
    <ClCompile Include="XMLParser.cpp">
      <Filter>Fichiers sources</Filter>
    </ClCompile>
    <ClCompile Include="LDIFFile.cpp">
      <Filter>Fichiers sources</Filter>
    </ClCompile>
    <ClCompile Include="LDAPServer.cpp">
      <Filter>Fichiers sources</Filter>
    </ClCompile>
    <ClCompile Include="..\..\..\Common\charUtils.cpp">
      <Filter>Fichiers sources\Common</Filter>
    </ClCompile>
    <ClCompile Include="..\..\..\Common\fileSystem.cpp">
      <Filter>Fichiers sources\Common</Filter>
    </ClCompile>
    <ClCompile Include="..\..\..\Common\logFile.cpp">
      <Filter>Fichiers sources\Common</Filter>
    </ClCompile>
    <ClCompile Include="..\ZipLib\extlibs\bzip2\blocksort.c">
      <Filter>Fichiers sources\ZipFile</Filter>
    </ClCompile>
    <ClCompile Include="..\ZipLib\extlibs\bzip2\bzerror.c">
      <Filter>Fichiers sources\ZipFile</Filter>
    </ClCompile>
    <ClCompile Include="..\ZipLib\extlibs\bzip2\bzlib.c">
      <Filter>Fichiers sources\ZipFile</Filter>
    </ClCompile>
    <ClCompile Include="..\ZipLib\extlibs\bzip2\crctable.c">
      <Filter>Fichiers sources\ZipFile</Filter>
    </ClCompile>
    <ClCompile Include="..\ZipLib\extlibs\bzip2\decompress.c">
      <Filter>Fichiers sources\ZipFile</Filter>
    </ClCompile>
    <ClCompile Include="..\ZipLib\extlibs\bzip2\huffman.c">
      <Filter>Fichiers sources\ZipFile</Filter>
    </ClCompile>
    <ClCompile Include="..\ZipLib\extlibs\bzip2\randtable.c">
      <Filter>Fichiers sources\ZipFile</Filter>
    </ClCompile>
    <ClCompile Include="..\ZipLib\extlibs\lzma\7zAlloc.c">
      <Filter>Fichiers sources\ZipFile</Filter>
    </ClCompile>
    <ClCompile Include="..\ZipLib\extlibs\lzma\7zBuf.c">
      <Filter>Fichiers sources\ZipFile</Filter>
    </ClCompile>
    <ClCompile Include="..\ZipLib\extlibs\lzma\7zBuf2.c">
      <Filter>Fichiers sources\ZipFile</Filter>
    </ClCompile>
    <ClCompile Include="..\ZipLib\extlibs\lzma\7zCrc.c">
      <Filter>Fichiers sources\ZipFile</Filter>
    </ClCompile>
    <ClCompile Include="..\ZipLib\extlibs\lzma\7zCrcOpt.c">
      <Filter>Fichiers sources\ZipFile</Filter>
    </ClCompile>
    <ClCompile Include="..\ZipLib\extlibs\lzma\7zDec.c">
      <Filter>Fichiers sources\ZipFile</Filter>
    </ClCompile>
    <ClCompile Include="..\ZipLib\extlibs\lzma\7zFile.c">
      <Filter>Fichiers sources\ZipFile</Filter>
    </ClCompile>
    <ClCompile Include="..\ZipLib\extlibs\lzma\7zIn.c">
      <Filter>Fichiers sources\ZipFile</Filter>
    </ClCompile>
    <ClCompile Include="..\ZipLib\extlibs\lzma\7zStream.c">
      <Filter>Fichiers sources\ZipFile</Filter>
    </ClCompile>
    <ClCompile Include="..\ZipLib\extlibs\lzma\Alloc.c">
      <Filter>Fichiers sources\ZipFile</Filter>
    </ClCompile>
    <ClCompile Include="..\ZipLib\extlibs\lzma\Bcj2.c">
      <Filter>Fichiers sources\ZipFile</Filter>
    </ClCompile>
    <ClCompile Include="..\ZipLib\extlibs\lzma\Bra.c">
      <Filter>Fichiers sources\ZipFile</Filter>
    </ClCompile>
    <ClCompile Include="..\ZipLib\extlibs\lzma\Bra86.c">
      <Filter>Fichiers sources\ZipFile</Filter>
    </ClCompile>
    <ClCompile Include="..\ZipLib\extlibs\lzma\BraIA64.c">
      <Filter>Fichiers sources\ZipFile</Filter>
    </ClCompile>
    <ClCompile Include="..\ZipLib\extlibs\lzma\CpuArch.c">
      <Filter>Fichiers sources\ZipFile</Filter>
    </ClCompile>
    <ClCompile Include="..\ZipLib\extlibs\lzma\Delta.c">
      <Filter>Fichiers sources\ZipFile</Filter>
    </ClCompile>
    <ClCompile Include="..\ZipLib\extlibs\lzma\LzFind.c">
      <Filter>Fichiers sources\ZipFile</Filter>
    </ClCompile>
    <ClCompile Include="..\ZipLib\extlibs\lzma\LzFindMt.c">
      <Filter>Fichiers sources\ZipFile</Filter>
    </ClCompile>
    <ClCompile Include="..\ZipLib\extlibs\lzma\Lzma2Dec.c">
      <Filter>Fichiers sources\ZipFile</Filter>
    </ClCompile>
    <ClCompile Include="..\ZipLib\extlibs\lzma\Lzma2Enc.c">
      <Filter>Fichiers sources\ZipFile</Filter>
    </ClCompile>
    <ClCompile Include="..\ZipLib\extlibs\lzma\Lzma86Dec.c">
      <Filter>Fichiers sources\ZipFile</Filter>
    </ClCompile>
    <ClCompile Include="..\ZipLib\extlibs\lzma\Lzma86Enc.c">
      <Filter>Fichiers sources\ZipFile</Filter>
    </ClCompile>
    <ClCompile Include="..\ZipLib\extlibs\lzma\LzmaDec.c">
      <Filter>Fichiers sources\ZipFile</Filter>
    </ClCompile>
    <ClCompile Include="..\ZipLib\extlibs\lzma\LzmaEnc.c">
      <Filter>Fichiers sources\ZipFile</Filter>
    </ClCompile>
    <ClCompile Include="..\ZipLib\extlibs\lzma\LzmaLib.c">
      <Filter>Fichiers sources\ZipFile</Filter>
    </ClCompile>
    <ClCompile Include="..\ZipLib\extlibs\lzma\MtCoder.c">
      <Filter>Fichiers sources\ZipFile</Filter>
    </ClCompile>
    <ClCompile Include="..\ZipLib\extlibs\lzma\Ppmd7.c">
      <Filter>Fichiers sources\ZipFile</Filter>
    </ClCompile>
    <ClCompile Include="..\ZipLib\extlibs\lzma\Ppmd7Dec.c">
      <Filter>Fichiers sources\ZipFile</Filter>
    </ClCompile>
    <ClCompile Include="..\ZipLib\extlibs\lzma\Ppmd7Enc.c">
      <Filter>Fichiers sources\ZipFile</Filter>
    </ClCompile>
    <ClCompile Include="..\ZipLib\extlibs\lzma\Sha256.c">
      <Filter>Fichiers sources\ZipFile</Filter>
    </ClCompile>
    <ClCompile Include="..\ZipLib\extlibs\lzma\Threads.c">
      <Filter>Fichiers sources\ZipFile</Filter>
    </ClCompile>
    <ClCompile Include="..\ZipLib\extlibs\lzma\Xz.c">
      <Filter>Fichiers sources\ZipFile</Filter>
    </ClCompile>
    <ClCompile Include="..\ZipLib\extlibs\lzma\XzCrc64.c">
      <Filter>Fichiers sources\ZipFile</Filter>
    </ClCompile>
    <ClCompile Include="..\ZipLib\extlibs\lzma\XzDec.c">
      <Filter>Fichiers sources\ZipFile</Filter>
    </ClCompile>
    <ClCompile Include="..\ZipLib\extlibs\lzma\XzEnc.c">
      <Filter>Fichiers sources\ZipFile</Filter>
    </ClCompile>
    <ClCompile Include="..\ZipLib\extlibs\lzma\XzIn.c">
      <Filter>Fichiers sources\ZipFile</Filter>
    </ClCompile>
    <ClCompile Include="..\ZipLib\extlibs\zlib\adler32.c">
      <Filter>Fichiers sources\ZipFile</Filter>
    </ClCompile>
    <ClCompile Include="..\ZipLib\extlibs\zlib\compress.c">
      <Filter>Fichiers sources\ZipFile</Filter>
    </ClCompile>
    <ClCompile Include="..\ZipLib\extlibs\zlib\crc32.c">
      <Filter>Fichiers sources\ZipFile</Filter>
    </ClCompile>
    <ClCompile Include="..\ZipLib\extlibs\zlib\deflate.c">
      <Filter>Fichiers sources\ZipFile</Filter>
    </ClCompile>
    <ClCompile Include="..\ZipLib\extlibs\zlib\infback.c">
      <Filter>Fichiers sources\ZipFile</Filter>
    </ClCompile>
    <ClCompile Include="..\ZipLib\extlibs\zlib\inffast.c">
      <Filter>Fichiers sources\ZipFile</Filter>
    </ClCompile>
    <ClCompile Include="..\ZipLib\extlibs\zlib\inflate.c">
      <Filter>Fichiers sources\ZipFile</Filter>
    </ClCompile>
    <ClCompile Include="..\ZipLib\extlibs\zlib\inftrees.c">
      <Filter>Fichiers sources\ZipFile</Filter>
    </ClCompile>
    <ClCompile Include="..\ZipLib\extlibs\zlib\trees.c">
      <Filter>Fichiers sources\ZipFile</Filter>
    </ClCompile>
    <ClCompile Include="..\ZipLib\extlibs\zlib\uncompr.c">
      <Filter>Fichiers sources\ZipFile</Filter>
    </ClCompile>
    <ClCompile Include="..\ZipLib\extlibs\zlib\zutil.c">
      <Filter>Fichiers sources\ZipFile</Filter>
    </ClCompile>
    <ClCompile Include="..\ZipLib\ZipArchive.cpp">
      <Filter>Fichiers sources\ZipFile</Filter>
    </ClCompile>
    <ClCompile Include="..\ZipLib\ZipArchiveEntry.cpp">
      <Filter>Fichiers sources\ZipFile</Filter>
    </ClCompile>
    <ClCompile Include="..\ZipLib\ZipFile.cpp">
      <Filter>Fichiers sources\ZipFile</Filter>
    </ClCompile>
    <ClCompile Include="..\ZipLib\detail\EndOfCentralDirectoryBlock.cpp">
      <Filter>Fichiers sources\ZipFile</Filter>
    </ClCompile>
    <ClCompile Include="..\ZipLib\detail\ZipCentralDirectoryFileHeader.cpp">
      <Filter>Fichiers sources\ZipFile</Filter>
    </ClCompile>
    <ClCompile Include="..\ZipLib\detail\ZipGenericExtraField.cpp">
      <Filter>Fichiers sources\ZipFile</Filter>
    </ClCompile>
    <ClCompile Include="..\ZipLib\detail\ZipLocalFileHeader.cpp">
      <Filter>Fichiers sources\ZipFile</Filter>
    </ClCompile>
    <ClCompile Include="..\ZipLib\extlibs\bzip2\bzip2-compress.c">
      <Filter>Fichiers sources\ZipFile</Filter>
    </ClCompile>
    <ClCompile Include="..\..\..\Common\jhbCURLTools\FTPClient.cpp">
      <Filter>Fichiers sources\Common\CURLTools</Filter>
    </ClCompile>
    <ClCompile Include="..\..\..\Common\jhbCURLTools\SMTPClient.cpp">
      <Filter>Fichiers sources\Common\CURLTools</Filter>
    </ClCompile>
  </ItemGroup>
  <ItemGroup>
    <ClInclude Include="columnList.h">
      <Filter>Fichiers d%27en-tête</Filter>
    </ClInclude>
    <ClInclude Include="ldapBrowser.h">
      <Filter>Fichiers d%27en-tête</Filter>
    </ClInclude>
    <ClInclude Include="outputFile.h">
      <Filter>Fichiers d%27en-tête</Filter>
    </ClInclude>
    <ClInclude Include="sharedConsts.h">
      <Filter>Fichiers d%27en-tête</Filter>
    </ClInclude>
    <ClInclude Include="textFile.h">
      <Filter>Fichiers d%27en-tête</Filter>
    </ClInclude>
    <ClInclude Include="CSVFile.h">
      <Filter>Fichiers d%27en-tête</Filter>
    </ClInclude>
    <ClInclude Include="servicesList.h">
      <Filter>Fichiers d%27en-tête</Filter>
    </ClInclude>
    <ClInclude Include="agentTree.h">
      <Filter>Fichiers d%27en-tête</Filter>
    </ClInclude>
    <ClInclude Include="ODSConsts.h">
      <Filter>Fichiers d%27en-tête</Filter>
    </ClInclude>
    <ClInclude Include="XMLFile.h">
      <Filter>Fichiers d%27en-tête</Filter>
    </ClInclude>
    <ClInclude Include="sharedTypes.h">
      <Filter>Fichiers d%27en-tête</Filter>
    </ClInclude>
    <ClInclude Include="ODSFile.h">
      <Filter>Fichiers d%27en-tête</Filter>
    </ClInclude>
    <ClInclude Include="treeStructure.h">
      <Filter>Fichiers d%27en-tête</Filter>
    </ClInclude>
    <ClInclude Include="XMLParser.h">
      <Filter>Fichiers d%27en-tête</Filter>
    </ClInclude>
    <ClInclude Include="regExpr.h">
      <Filter>Fichiers d%27en-tête</Filter>
    </ClInclude>
    <ClInclude Include="destinationList.h">
      <Filter>Fichiers d%27en-tête</Filter>
    </ClInclude>
    <ClInclude Include="confFile.h">
      <Filter>Fichiers d%27en-tête</Filter>
    </ClInclude>
    <ClInclude Include="commandFile.h">
      <Filter>Fichiers d%27en-tête</Filter>
    </ClInclude>
    <ClInclude Include="XMLConsts.h">
      <Filter>Fichiers d%27en-tête</Filter>
    </ClInclude>
    <ClInclude Include="ldapAttributes.h">
      <Filter>Fichiers d%27en-tête</Filter>
    </ClInclude>
    <ClInclude Include="JScriptConsts.h">
      <Filter>Fichiers d%27en-tête</Filter>
    </ClInclude>
    <ClInclude Include="JScriptFile.h">
      <Filter>Fichiers d%27en-tête</Filter>
    </ClInclude>
    <ClInclude Include="LDIFFile.h">
      <Filter>Fichiers d%27en-tête</Filter>
    </ClInclude>
    <ClInclude Include="LDAPServer.h">
      <Filter>Fichiers d%27en-tête</Filter>
    </ClInclude>
    <ClInclude Include="..\..\..\Common\charUtils.h">
      <Filter>Fichiers d%27en-tête\Common</Filter>
    </ClInclude>
    <ClInclude Include="..\..\..\Common\SMTP\cSMTPClient.h">
      <Filter>Fichiers d%27en-tête\Common</Filter>
    </ClInclude>
    <ClInclude Include="..\..\..\Common\fileSystem.h">
      <Filter>Fichiers d%27en-tête\Common</Filter>
    </ClInclude>
    <ClInclude Include="..\..\..\Common\logFile.h">
      <Filter>Fichiers d%27en-tête\Common</Filter>
    </ClInclude>
    <ClInclude Include="..\ZipLib\ZipArchive.h">
      <Filter>Fichiers d%27en-tête\ZipFile</Filter>
    </ClInclude>
    <ClInclude Include="..\ZipLib\ZipArchiveEntry.h">
      <Filter>Fichiers d%27en-tête\ZipFile</Filter>
    </ClInclude>
    <ClInclude Include="..\ZipLib\ZipFile.h">
      <Filter>Fichiers d%27en-tête\ZipFile</Filter>
    </ClInclude>
    <ClInclude Include="..\..\..\Common\jhbCURLTools\FTPClient.h">
      <Filter>Fichiers d%27en-tête\Common\CURLTools</Filter>
    </ClInclude>
    <ClInclude Include="..\..\..\Common\jhbCURLTools\CURLTools.h">
      <Filter>Fichiers d%27en-tête\Common\CURLTools</Filter>
    </ClInclude>
    <ClInclude Include="..\..\..\Common\jhbCURLTools\SMTPClient.h">
      <Filter>Fichiers d%27en-tête\Common\CURLTools</Filter>
    </ClInclude>
  </ItemGroup>
  <ItemGroup>
    <Text Include="currentVersion.txt">
      <Filter>Fichiers Txt</Filter>
    </Text>
  </ItemGroup>
</Project>