<?xml version="1.0" encoding="UTF-8" standalone="yes" ?>
<CodeBlocks_project_file>
	<FileVersion major="1" minor="6" />
	<Project>
		<Option title="ldap2File-linux" />
		<Option pch_mode="2" />
		<Option compiler="gcc" />
		<Build>
			<Target title="Debug">
				<Option output="/home/jhb/Nextcloud/ldapTools/ldap2File" prefix_auto="1" extension_auto="1" />
				<Option object_output="obj/Debug/" />
				<Option type="1" />
				<Option compiler="gcc" />
				<Option parameters="/home/jhb/Nextcloud/ldapTools/CD03/js/Allier-JS.xml" />
				<Compiler>
					<Add option="-g" />
					<Add option="-D_DEBUG" />
					<Add option="-D__USE_STD_FILESYSTEM__" />
				</Compiler>
			</Target>
			<Target title="Release">
				<Option output="/home/jhb/Nextcloud/ldapTools/ldap2File" prefix_auto="1" extension_auto="1" />
				<Option object_output="obj/Release/" />
				<Option type="1" />
				<Option compiler="gcc" />
				<Option parameters="/home/jhb/Nextcloud/ldapTools/CD03/tous" />
				<Compiler>
					<Add option="-O2" />
				</Compiler>
				<Linker>
					<Add option="-s" />
				</Linker>
			</Target>
		</Build>
		<Compiler>
			<Add option="-Wall" />
			<Add option="-std=c17" />
			<Add option="-fexceptions" />
			<Add option="-DLINUX" />
			<Add option="-D__LDAP_USE_ALLIER_TITLES__" />
			<Add option="-D__LDAP_OWN_SCOPE_BASE__" />
			<Add directory="../Source" />
			<Add directory="../Source/Common" />
			<Add directory="../Source/Common/CURLTools" />
		</Compiler>
		<Linker>
			<Add option="-lstdc++fs" />
			<Add option="-lcurl" />
			<Add option="-lldap" />
			<Add option="-llber" />
		</Linker>
		<Unit filename="../Source/Common/CURLTools/FTPClient.cpp" />
		<Unit filename="../Source/Common/CURLTools/SMTPClient.cpp" />
		<Unit filename="../Source/Common/charUtils.cpp" />
		<Unit filename="../Source/Common/charUtils.h" />
		<Unit filename="../Source/Common/cmdLineAnalyzer.cpp" />
		<Unit filename="../Source/Common/cmdLineAnalyzer.h" />
		<Unit filename="../Source/Common/commonTypes.h" />
		<Unit filename="../Source/Common/logs.cpp" />
		<Unit filename="../Source/Common/logs.h" />
		<Unit filename="../Source/Common/sFileSystem.cpp" />
		<Unit filename="../Source/Common/sFileSystem.h" />
		<Unit filename="../Source/ldap2File/CSVFile.cpp" />
		<Unit filename="../Source/ldap2File/CSVFile.h" />
		<Unit filename="../Source/ldap2File/JScriptConsts.h" />
		<Unit filename="../Source/ldap2File/JScriptFile.cpp" />
		<Unit filename="../Source/ldap2File/JScriptFile.h" />
		<Unit filename="../Source/ldap2File/LDAPAttributes.h" />
		<Unit filename="../Source/ldap2File/LDAPBrowser.cpp" />
		<Unit filename="../Source/ldap2File/LDAPBrowser.h" />
		<Unit filename="../Source/ldap2File/LDAPServer.cpp" />
		<Unit filename="../Source/ldap2File/LDAPServer.h" />
		<Unit filename="../Source/ldap2File/LDAPSources.cpp" />
		<Unit filename="../Source/ldap2File/LDAPSources.h" />
		<Unit filename="../Source/ldap2File/LDIFFile.cpp" />
		<Unit filename="../Source/ldap2File/LDIFFile.h" />
		<Unit filename="../Source/ldap2File/ODSConsts.h" />
		<Unit filename="../Source/ldap2File/ODSFile.cpp" />
		<Unit filename="../Source/ldap2File/ODSFile.h" />
		<Unit filename="../Source/ldap2File/XMLConsts.h" />
		<Unit filename="../Source/ldap2File/XMLFile.cpp" />
		<Unit filename="../Source/ldap2File/XMLFile.h" />
		<Unit filename="../Source/ldap2File/XMLParser.cpp" />
		<Unit filename="../Source/ldap2File/XMLParser.h" />
		<Unit filename="../Source/ldap2File/agentTree.cpp" />
		<Unit filename="../Source/ldap2File/agentTree.h" />
		<Unit filename="../Source/ldap2File/aliases.cpp" />
		<Unit filename="../Source/ldap2File/aliases.h" />
		<Unit filename="../Source/ldap2File/columnList.cpp" />
		<Unit filename="../Source/ldap2File/columnList.h" />
		<Unit filename="../Source/ldap2File/commandFile.cpp" />
		<Unit filename="../Source/ldap2File/commandFile.h" />
		<Unit filename="../Source/ldap2File/confFile.cpp" />
		<Unit filename="../Source/ldap2File/confFile.h" />
		<Unit filename="../Source/ldap2File/containersList.cpp" />
		<Unit filename="../Source/ldap2File/containersList.h" />
		<Unit filename="../Source/ldap2File/destinationList.cpp" />
		<Unit filename="../Source/ldap2File/destinationList.h" />
		<Unit filename="../Source/ldap2File/fileActions.cpp" />
		<Unit filename="../Source/ldap2File/fileActions.h" />
		<Unit filename="../Source/ldap2File/folders.cpp" />
		<Unit filename="../Source/ldap2File/folders.h" />
		<Unit filename="../Source/ldap2File/ldap2File.cpp" />
		<Unit filename="../Source/ldap2File/outputFile.cpp" />
		<Unit filename="../Source/ldap2File/outputFile.h" />
		<Unit filename="../Source/ldap2File/searchExpr.cpp" />
		<Unit filename="../Source/ldap2File/searchExpr.h" />
		<Unit filename="../Source/ldap2File/sharedConsts.h" />
		<Unit filename="../Source/ldap2File/sharedTypes.h" />
		<Unit filename="../Source/ldap2File/stringTokenizer.h" />
		<Unit filename="../Source/ldap2File/structures.cpp" />
		<Unit filename="../Source/ldap2File/structures.h" />
		<Unit filename="../Source/ldap2File/textFile.cpp" />
		<Unit filename="../Source/ldap2File/textFile.h" />
		<Unit filename="../Source/ldap2File/titles.cpp" />
		<Unit filename="../Source/ldap2File/titles.h" />
		<Unit filename="../Source/ldap2File/vCardFile.cpp" />
		<Unit filename="../Source/ldap2File/vCardFile.h" />
		<Unit filename="../currentVersion.txt" />
		<Extensions />
	</Project>
</CodeBlocks_project_file>
